github.com/Terry-Mao/goconf v0.0.0-20161115082538-13cb73d70c44 h1:oyRla0cRmia52TlmuLp1lDysM39D0gt5xmoUU6YFfGk=
github.com/Terry-Mao/goconf v0.0.0-20161115082538-13cb73d70c44/go.mod h1:pLupJNRivwIsgwXOsRfbZyfXLMW9X2Cgp1yshhvG/8A=
github.com/nu7hatch/gouuid v0.0.0-20131221200532-179d4d0c4d8d h1:VhgPp6v9qf9Agr/56bj7Y/xa04UccTW04VP0Qed4vnQ=
github.com/nu7hatch/gouuid v0.0.0-20131221200532-179d4d0c4d8d/go.mod h1:YUTz3bUH2ZwIWBy3CJBeOBEugqcmXREj14T+iG/4k4U=
github.com/streadway/amqp v0.0.0-20190827072141-edfb9018d271 h1:WhxRHzgeVGETMlmVfqhRn8RIeeNoPr2Czh33I4Zdccw=
github.com/streadway/amqp v0.0.0-20190827072141-edfb9018d271/go.mod h1:AZpEONHx3DKn8O/DFsRAY58/XVQiIPMTMB1SddzLXVw=
